
Microsoft Visual Studio Solution File, Format Version 12.00
# Visual Studio Version 16
VisualStudioVersion = 16.0.30204.135
MinimumVisualStudioVersion = 10.0.40219.1
Project("{8BC9CEB8-8B4A-11D0-8D11-00A0C91BC942}") = "OOP_homework3", "OOP_homework3.vcxproj", "{04877BA5-FD7D-46CE-9A20-971C8E1C30A6}"
EndProject
Global
	GlobalSection(SolutionConfigurationPlatforms) = preSolution
		Debug|x64 = Debug|x64
		Debug|x86 = Debug|x86
		Release|x64 = Release|x64
		Release|x86 = Release|x86
	EndGlobalSection
	GlobalSection(ProjectConfigurationPlatforms) = postSolution
		{04877BA5-FD7D-46CE-9A20-971C8E1C30A6}.Debug|x64.ActiveCfg = Debug|x64
		{04877BA5-FD7D-46CE-9A20-971C8E1C30A6}.Debug|x64.Build.0 = Debug|x64
		{04877BA5-FD7D-46CE-9A20-971C8E1C30A6}.Debug|x86.ActiveCfg = Debug|Win32
		{04877BA5-FD7D-46CE-9A20-971C8E1C30A6}.Debug|x86.Build.0 = Debug|Win32
		{04877BA5-FD7D-46CE-9A20-971C8E1C30A6}.Release|x64.ActiveCfg = Release|x64
		{04877BA5-FD7D-46CE-9A20-971C8E1C30A6}.Release|x64.Build.0 = Release|x64
		{04877BA5-FD7D-46CE-9A20-971C8E1C30A6}.Release|x86.ActiveCfg = Release|Win32
		{04877BA5-FD7D-46CE-9A20-971C8E1C30A6}.Release|x86.Build.0 = Release|Win32
	EndGlobalSection
	GlobalSection(SolutionProperties) = preSolution
		HideSolutionNode = FALSE
	EndGlobalSection
	GlobalSection(ExtensibilityGlobals) = postSolution
		SolutionGuid = {E53E7A2E-B7A0-4B01-8DDC-465D9930CCE2}
	EndGlobalSection
EndGlobal
